
Microsoft Visual Studio Solution File, Format Version 12.00
# Visual Studio Version 17
VisualStudioVersion = 17.2.32616.157
MinimumVisualStudioVersion = 10.0.40219.1
Project("{9A19103F-16F7-4668-BE54-9A1E7A4F7556}") = "Activity 6", "Activity 6\Activity 6.csproj", "{7BF54A79-1FF1-43D0-9CF2-43993F0E1AF4}"
EndProject
Project("{FAE04EC0-301F-11D3-BF4B-00C04F79EFBC}") = "Activity6.Tests", "Activity6.Tests\Activity6.Tests.csproj", "{9C9F32F2-0B5E-483F-A3ED-826CB6632D27}"
EndProject
Global
	GlobalSection(SolutionConfigurationPlatforms) = preSolution
		Debug|Any CPU = Debug|Any CPU
		Release|Any CPU = Release|Any CPU
	EndGlobalSection
	GlobalSection(ProjectConfigurationPlatforms) = postSolution
		{7BF54A79-1FF1-43D0-9CF2-43993F0E1AF4}.Debug|Any CPU.ActiveCfg = Debug|Any CPU
		{7BF54A79-1FF1-43D0-9CF2-43993F0E1AF4}.Debug|Any CPU.Build.0 = Debug|Any CPU
		{7BF54A79-1FF1-43D0-9CF2-43993F0E1AF4}.Release|Any CPU.ActiveCfg = Release|Any CPU
		{7BF54A79-1FF1-43D0-9CF2-43993F0E1AF4}.Release|Any CPU.Build.0 = Release|Any CPU
		{9C9F32F2-0B5E-483F-A3ED-826CB6632D27}.Debug|Any CPU.ActiveCfg = Debug|Any CPU
		{9C9F32F2-0B5E-483F-A3ED-826CB6632D27}.Debug|Any CPU.Build.0 = Debug|Any CPU
		{9C9F32F2-0B5E-483F-A3ED-826CB6632D27}.Release|Any CPU.ActiveCfg = Release|Any CPU
		{9C9F32F2-0B5E-483F-A3ED-826CB6632D27}.Release|Any CPU.Build.0 = Release|Any CPU
	EndGlobalSection
	GlobalSection(SolutionProperties) = preSolution
		HideSolutionNode = FALSE
	EndGlobalSection
	GlobalSection(ExtensibilityGlobals) = postSolution
		SolutionGuid = {E74C1855-D1EC-4069-B660-D6C29F3D3122}
	EndGlobalSection
EndGlobal
